
Microsoft Visual Studio Solution File, Format Version 12.00
# Visual Studio 15
VisualStudioVersion = 15.0.28307.271
MinimumVisualStudioVersion = 10.0.40219.1
Project("{2150E333-8FDC-42A3-9474-1A3956D46DE8}") = "Tests", "Tests", "{32F8C624-287A-4E58-972D-CD0C8B478257}"
EndProject
Project("{FAE04EC0-301F-11D3-BF4B-00C04F79EFBC}") = "funcprog", "Tests\funcprog\funcprog.csproj", "{D83429BA-32BE-46AC-847F-1AE850B08B1D}"
EndProject
Project("{FAE04EC0-301F-11D3-BF4B-00C04F79EFBC}") = "CSExtensions", "CSExtensions\CSExtensions.csproj", "{F6ABB08E-F6C7-4131-BAAF-B7E0DBF70BCD}"
EndProject
Global
	GlobalSection(SolutionConfigurationPlatforms) = preSolution
		Debug|Any CPU = Debug|Any CPU
		Release|Any CPU = Release|Any CPU
	EndGlobalSection
	GlobalSection(ProjectConfigurationPlatforms) = postSolution
		{D83429BA-32BE-46AC-847F-1AE850B08B1D}.Debug|Any CPU.ActiveCfg = Debug|Any CPU
		{D83429BA-32BE-46AC-847F-1AE850B08B1D}.Debug|Any CPU.Build.0 = Debug|Any CPU
		{D83429BA-32BE-46AC-847F-1AE850B08B1D}.Release|Any CPU.ActiveCfg = Release|Any CPU
		{D83429BA-32BE-46AC-847F-1AE850B08B1D}.Release|Any CPU.Build.0 = Release|Any CPU
		{F6ABB08E-F6C7-4131-BAAF-B7E0DBF70BCD}.Debug|Any CPU.ActiveCfg = Debug|Any CPU
		{F6ABB08E-F6C7-4131-BAAF-B7E0DBF70BCD}.Debug|Any CPU.Build.0 = Debug|Any CPU
		{F6ABB08E-F6C7-4131-BAAF-B7E0DBF70BCD}.Release|Any CPU.ActiveCfg = Release|Any CPU
		{F6ABB08E-F6C7-4131-BAAF-B7E0DBF70BCD}.Release|Any CPU.Build.0 = Release|Any CPU
	EndGlobalSection
	GlobalSection(SolutionProperties) = preSolution
		HideSolutionNode = FALSE
	EndGlobalSection
	GlobalSection(NestedProjects) = preSolution
		{D83429BA-32BE-46AC-847F-1AE850B08B1D} = {32F8C624-287A-4E58-972D-CD0C8B478257}
	EndGlobalSection
	GlobalSection(ExtensibilityGlobals) = postSolution
		SolutionGuid = {BEB7B554-811A-4A22-BFC4-01DDB4A03E8E}
	EndGlobalSection
EndGlobal
